
Microsoft Visual Studio Solution File, Format Version 12.00
# Visual Studio 2013
VisualStudioVersion = 12.0.30723.0
MinimumVisualStudioVersion = 10.0.40219.1
Project("{FAE04EC0-301F-11D3-BF4B-00C04F79EFBC}") = "ArabaBeklemeSüreleri", "ArabaBeklemeSüreleri\ArabaBeklemeSüreleri.csproj", "{58FB04CB-814E-4013-A779-DF22619D6FEB}"
EndProject
Global
	GlobalSection(SolutionConfigurationPlatforms) = preSolution
		Debug|Any CPU = Debug|Any CPU
		Release|Any CPU = Release|Any CPU
	EndGlobalSection
	GlobalSection(ProjectConfigurationPlatforms) = postSolution
		{58FB04CB-814E-4013-A779-DF22619D6FEB}.Debug|Any CPU.ActiveCfg = Debug|Any CPU
		{58FB04CB-814E-4013-A779-DF22619D6FEB}.Debug|Any CPU.Build.0 = Debug|Any CPU
		{58FB04CB-814E-4013-A779-DF22619D6FEB}.Release|Any CPU.ActiveCfg = Release|Any CPU
		{58FB04CB-814E-4013-A779-DF22619D6FEB}.Release|Any CPU.Build.0 = Release|Any CPU
	EndGlobalSection
	GlobalSection(SolutionProperties) = preSolution
		HideSolutionNode = FALSE
	EndGlobalSection
EndGlobal
